{
  "nodes": {
    "nix-filter": {
      "locked": {
        "lastModified": 1619956448,
        "narHash": "sha256-4OZjkK1vot9vdg+8jj9+hm4c6mSEc9/OJDQzNvLHBKE=",
        "owner": "numtide",
        "repo": "nix-filter",
        "rev": "cf06efe613a06f1505f187712a307c05b3901884",
        "type": "github"
      },
      "original": {
        "owner": "numtide",
        "ref": "master",
        "repo": "nix-filter",
        "type": "github"
      }
    },
    "nixpkgs": {
      "locked": {
        "lastModified": 1618886496,
        "narHash": "sha256-kbNz7N1/3L94Inco0F6avWd65pn1dcOX/xccNdVf+nY=",
        "owner": "NixOS",
        "repo": "nixpkgs",
        "rev": "b1476f41ec26c72f23fa617141a653484b319b89",
        "type": "github"
      },
      "original": {
        "owner": "NixOS",
        "ref": "nixpkgs-unstable",
        "repo": "nixpkgs",
        "type": "github"
      }
    },
    "root": {
      "inputs": {
        "nix-filter": "nix-filter",
        "nixpkgs": "nixpkgs"
      }
    }
  },
  "root": "root",
  "version": 7
}
